{
  "name": "lpcn-gp-mt",
  "version": "1.0.0",
  "lockfileVersion": 1,
  "requires": true,
  "dependencies": {
    "@khalyomede/translate": {
      "version": "0.1.2",
      "resolved": "https://mirrors.huaweicloud.com/repository/npm/@khalyomede/translate/-/translate-0.1.2.tgz",
      "integrity": "sha512-Vrt8snfFXUU5MtAk1Smzd8JyjOOqI1oHDgpA0a07OckENuiSLLsEhvZTWSLikk0gKKKty9y3G78oJZGLQMSt7g==",
      "requires": {
        "axios": "0.20.*"
      }
    },
    "axios": {
      "version": "0.20.0",
      "resolved": "https://mirrors.huaweicloud.com/repository/npm/axios/-/axios-0.20.0.tgz",
      "integrity": "sha512-ANA4rr2BDcmmAQLOKft2fufrtuvlqR+cXNNinUmvfeSNCOF98PZL+7M/v1zIdGo7OLjEA9J2gXJL+j4zGsl0bA==",
      "requires": {
        "follow-redirects": "^1.10.0"
      }
    },
    "follow-redirects": {
      "version": "1.14.9",
      "resolved": "https://mirrors.huaweicloud.com/repository/npm/follow-redirects/-/follow-redirects-1.14.9.tgz",
      "integrity": "sha512-MQDfihBQYMcyy5dhRDJUHcw7lb2Pv/TuE6xP1vyraLukNDHKbDxDNaOE3NbCAdKQApno+GPRyo1YAp89yCjK4w=="
    }
  }
}
